
Microsoft Visual Studio Solution File, Format Version 12.00
# Visual Studio Version 16
VisualStudioVersion = 16.0.29926.136
MinimumVisualStudioVersion = 10.0.40219.1
Project("{FAE04EC0-301F-11D3-BF4B-00C04F79EFBC}") = "AgendaMedica", "AgendaMedica\AgendaMedica.csproj", "{8AF42D8E-1B95-47FA-9178-CE4E40B9D196}"
EndProject
Global
	GlobalSection(SolutionConfigurationPlatforms) = preSolution
		Debug|Any CPU = Debug|Any CPU
		Release|Any CPU = Release|Any CPU
	EndGlobalSection
	GlobalSection(ProjectConfigurationPlatforms) = postSolution
		{8AF42D8E-1B95-47FA-9178-CE4E40B9D196}.Debug|Any CPU.ActiveCfg = Debug|Any CPU
		{8AF42D8E-1B95-47FA-9178-CE4E40B9D196}.Debug|Any CPU.Build.0 = Debug|Any CPU
		{8AF42D8E-1B95-47FA-9178-CE4E40B9D196}.Release|Any CPU.ActiveCfg = Release|Any CPU
		{8AF42D8E-1B95-47FA-9178-CE4E40B9D196}.Release|Any CPU.Build.0 = Release|Any CPU
	EndGlobalSection
	GlobalSection(SolutionProperties) = preSolution
		HideSolutionNode = FALSE
	EndGlobalSection
	GlobalSection(ExtensibilityGlobals) = postSolution
		SolutionGuid = {FB172D74-80AF-4626-BD25-500C68D5E938}
	EndGlobalSection
EndGlobal
